
Microsoft Visual Studio Solution File, Format Version 12.00
# Visual Studio Version 16
VisualStudioVersion = 16.0.31410.357
MinimumVisualStudioVersion = 10.0.40219.1
Project("{FAE04EC0-301F-11D3-BF4B-00C04F79EFBC}") = "NotesPredictor", "NotesPredictor\NotesPredictor.csproj", "{1A8E64AE-F67E-4353-B9B1-F5A6EEFA8B8D}"
EndProject
Global
	GlobalSection(SolutionConfigurationPlatforms) = preSolution
		Debug|Any CPU = Debug|Any CPU
		Release|Any CPU = Release|Any CPU
	EndGlobalSection
	GlobalSection(ProjectConfigurationPlatforms) = postSolution
		{1A8E64AE-F67E-4353-B9B1-F5A6EEFA8B8D}.Debug|Any CPU.ActiveCfg = Debug|Any CPU
		{1A8E64AE-F67E-4353-B9B1-F5A6EEFA8B8D}.Debug|Any CPU.Build.0 = Debug|Any CPU
		{1A8E64AE-F67E-4353-B9B1-F5A6EEFA8B8D}.Release|Any CPU.ActiveCfg = Release|Any CPU
		{1A8E64AE-F67E-4353-B9B1-F5A6EEFA8B8D}.Release|Any CPU.Build.0 = Release|Any CPU
	EndGlobalSection
	GlobalSection(SolutionProperties) = preSolution
		HideSolutionNode = FALSE
	EndGlobalSection
	GlobalSection(ExtensibilityGlobals) = postSolution
		SolutionGuid = {29D121F0-226F-4B08-8261-1D455F385575}
	EndGlobalSection
EndGlobal
